
Microsoft Visual Studio Solution File, Format Version 12.00
# Visual Studio 2013
VisualStudioVersion = 12.0.31101.0
MinimumVisualStudioVersion = 10.0.40219.1
Project("{FAE04EC0-301F-11D3-BF4B-00C04F79EFBC}") = "OurMates", "OurMates\OurMates.csproj", "{1B4A41EB-E6A3-4309-BE20-785F061A8A5B}"
	ProjectSection(ProjectDependencies) = postProject
		{25D58BA5-660F-407B-803C-22B4547C09DC} = {25D58BA5-660F-407B-803C-22B4547C09DC}
	EndProjectSection
EndProject
Project("{FAE04EC0-301F-11D3-BF4B-00C04F79EFBC}") = "OurMatesTests", "OurMatesTests\OurMatesTests.csproj", "{F80D83B5-A3A3-48A2-98E8-6F90E94EEC93}"
EndProject
Project("{CC5FD16D-436D-48AD-A40C-5A424C6E3E79}") = "OurMatesCloudServices", "OurMatesCloudServices\OurMatesCloudServices.ccproj", "{854A76FF-A3BE-42F6-9B30-790E4E45E9D2}"
EndProject
Project("{FAE04EC0-301F-11D3-BF4B-00C04F79EFBC}") = "ClientLibrary", "FaceApiClientLibrary\ClientLibrary.csproj", "{25D58BA5-660F-407B-803C-22B4547C09DC}"
EndProject
Global
	GlobalSection(SolutionConfigurationPlatforms) = preSolution
		Debug|Any CPU = Debug|Any CPU
		Debug|x64 = Debug|x64
		Release|Any CPU = Release|Any CPU
		Release|x64 = Release|x64
	EndGlobalSection
	GlobalSection(ProjectConfigurationPlatforms) = postSolution
		{1B4A41EB-E6A3-4309-BE20-785F061A8A5B}.Debug|Any CPU.ActiveCfg = Debug|Any CPU
		{1B4A41EB-E6A3-4309-BE20-785F061A8A5B}.Debug|Any CPU.Build.0 = Debug|Any CPU
		{1B4A41EB-E6A3-4309-BE20-785F061A8A5B}.Debug|x64.ActiveCfg = Debug|Any CPU
		{1B4A41EB-E6A3-4309-BE20-785F061A8A5B}.Release|Any CPU.ActiveCfg = Release|Any CPU
		{1B4A41EB-E6A3-4309-BE20-785F061A8A5B}.Release|Any CPU.Build.0 = Release|Any CPU
		{1B4A41EB-E6A3-4309-BE20-785F061A8A5B}.Release|x64.ActiveCfg = Release|Any CPU
		{F80D83B5-A3A3-48A2-98E8-6F90E94EEC93}.Debug|Any CPU.ActiveCfg = Debug|Any CPU
		{F80D83B5-A3A3-48A2-98E8-6F90E94EEC93}.Debug|Any CPU.Build.0 = Debug|Any CPU
		{F80D83B5-A3A3-48A2-98E8-6F90E94EEC93}.Debug|x64.ActiveCfg = Debug|Any CPU
		{F80D83B5-A3A3-48A2-98E8-6F90E94EEC93}.Release|Any CPU.ActiveCfg = Release|Any CPU
		{F80D83B5-A3A3-48A2-98E8-6F90E94EEC93}.Release|Any CPU.Build.0 = Release|Any CPU
		{F80D83B5-A3A3-48A2-98E8-6F90E94EEC93}.Release|x64.ActiveCfg = Release|Any CPU
		{854A76FF-A3BE-42F6-9B30-790E4E45E9D2}.Debug|Any CPU.ActiveCfg = Debug|Any CPU
		{854A76FF-A3BE-42F6-9B30-790E4E45E9D2}.Debug|Any CPU.Build.0 = Debug|Any CPU
		{854A76FF-A3BE-42F6-9B30-790E4E45E9D2}.Debug|x64.ActiveCfg = Debug|Any CPU
		{854A76FF-A3BE-42F6-9B30-790E4E45E9D2}.Release|Any CPU.ActiveCfg = Release|Any CPU
		{854A76FF-A3BE-42F6-9B30-790E4E45E9D2}.Release|Any CPU.Build.0 = Release|Any CPU
		{854A76FF-A3BE-42F6-9B30-790E4E45E9D2}.Release|x64.ActiveCfg = Release|Any CPU
		{25D58BA5-660F-407B-803C-22B4547C09DC}.Debug|Any CPU.ActiveCfg = Debug|Any CPU
		{25D58BA5-660F-407B-803C-22B4547C09DC}.Debug|Any CPU.Build.0 = Debug|Any CPU
		{25D58BA5-660F-407B-803C-22B4547C09DC}.Debug|x64.ActiveCfg = Debug|x64
		{25D58BA5-660F-407B-803C-22B4547C09DC}.Debug|x64.Build.0 = Debug|x64
		{25D58BA5-660F-407B-803C-22B4547C09DC}.Release|Any CPU.ActiveCfg = Release|Any CPU
		{25D58BA5-660F-407B-803C-22B4547C09DC}.Release|Any CPU.Build.0 = Release|Any CPU
		{25D58BA5-660F-407B-803C-22B4547C09DC}.Release|x64.ActiveCfg = Release|x64
		{25D58BA5-660F-407B-803C-22B4547C09DC}.Release|x64.Build.0 = Release|x64
	EndGlobalSection
	GlobalSection(SolutionProperties) = preSolution
		HideSolutionNode = FALSE
	EndGlobalSection
EndGlobal
